
Microsoft Visual Studio Solution File, Format Version 12.00
# Visual Studio Version 17
VisualStudioVersion = 17.13.35818.85 d17.13
MinimumVisualStudioVersion = 10.0.40219.1
Project("{FAE04EC0-301F-11D3-BF4B-00C04F79EFBC}") = "WinFormsProject1.Copy", "WinFormsProject1.Copy\WinFormsProject1.Copy.csproj", "{BBE871B1-9977-4A86-BCE1-C6C0154AD0CB}"
EndProject
Global
	GlobalSection(SolutionConfigurationPlatforms) = preSolution
		Debug|Any CPU = Debug|Any CPU
		Release|Any CPU = Release|Any CPU
	EndGlobalSection
	GlobalSection(ProjectConfigurationPlatforms) = postSolution
		{BBE871B1-9977-4A86-BCE1-C6C0154AD0CB}.Debug|Any CPU.ActiveCfg = Debug|Any CPU
		{BBE871B1-9977-4A86-BCE1-C6C0154AD0CB}.Debug|Any CPU.Build.0 = Debug|Any CPU
		{BBE871B1-9977-4A86-BCE1-C6C0154AD0CB}.Release|Any CPU.ActiveCfg = Release|Any CPU
		{BBE871B1-9977-4A86-BCE1-C6C0154AD0CB}.Release|Any CPU.Build.0 = Release|Any CPU
	EndGlobalSection
	GlobalSection(SolutionProperties) = preSolution
		HideSolutionNode = FALSE
	EndGlobalSection
	GlobalSection(ExtensibilityGlobals) = postSolution
		SolutionGuid = {5D271899-E6AB-4D8A-92A4-C4CF2A4DFC25}
	EndGlobalSection
EndGlobal
